{
  "name": "MP-live",
  "version": "1.0.0",
  "lockfileVersion": 1,
  "requires": true,
  "dependencies": {
    "tim-wx-sdk": {
      "version": "2.4.2",
      "resolved": "https://registry.npm.taobao.org/tim-wx-sdk/download/tim-wx-sdk-2.4.2.tgz",
      "integrity": "sha1-kqsRK1ibnyL3vE8+JL/JCl87uOk="
    }
  }
}
